
Microsoft Visual Studio Solution File, Format Version 12.00
# Visual Studio 15
VisualStudioVersion = 15.0.27703.2035
MinimumVisualStudioVersion = 10.0.40219.1
Project("{FAE04EC0-301F-11D3-BF4B-00C04F79EFBC}") = "App1.Android", "App1\App1.Android\App1.Android.csproj", "{4B9598EA-2652-4944-A063-9437C82AFAEC}"
EndProject
Project("{FAE04EC0-301F-11D3-BF4B-00C04F79EFBC}") = "App1.iOS", "App1\App1.iOS\App1.iOS.csproj", "{9322898D-6BD8-48C1-80DE-2E2666DF0570}"
EndProject
Project("{FAE04EC0-301F-11D3-BF4B-00C04F79EFBC}") = "App1", "App1\App1\App1.csproj", "{0D836EAF-F5C8-4F8B-9380-91A931E20B3A}"
EndProject
Global
	GlobalSection(SolutionConfigurationPlatforms) = preSolution
		Ad-Hoc|Any CPU = Ad-Hoc|Any CPU
		Ad-Hoc|iPhone = Ad-Hoc|iPhone
		Ad-Hoc|iPhoneSimulator = Ad-Hoc|iPhoneSimulator
		AppStore|Any CPU = AppStore|Any CPU
		AppStore|iPhone = AppStore|iPhone
		AppStore|iPhoneSimulator = AppStore|iPhoneSimulator
		Debug|Any CPU = Debug|Any CPU
		Debug|iPhone = Debug|iPhone
		Debug|iPhoneSimulator = Debug|iPhoneSimulator
		Release|Any CPU = Release|Any CPU
		Release|iPhone = Release|iPhone
		Release|iPhoneSimulator = Release|iPhoneSimulator
	EndGlobalSection
	GlobalSection(ProjectConfigurationPlatforms) = postSolution
		{4B9598EA-2652-4944-A063-9437C82AFAEC}.Ad-Hoc|Any CPU.ActiveCfg = Release|Any CPU
		{4B9598EA-2652-4944-A063-9437C82AFAEC}.Ad-Hoc|Any CPU.Build.0 = Release|Any CPU
		{4B9598EA-2652-4944-A063-9437C82AFAEC}.Ad-Hoc|Any CPU.Deploy.0 = Release|Any CPU
		{4B9598EA-2652-4944-A063-9437C82AFAEC}.Ad-Hoc|iPhone.ActiveCfg = Release|Any CPU
		{4B9598EA-2652-4944-A063-9437C82AFAEC}.Ad-Hoc|iPhone.Build.0 = Release|Any CPU
		{4B9598EA-2652-4944-A063-9437C82AFAEC}.Ad-Hoc|iPhone.Deploy.0 = Release|Any CPU
		{4B9598EA-2652-4944-A063-9437C82AFAEC}.Ad-Hoc|iPhoneSimulator.ActiveCfg = Release|Any CPU
		{4B9598EA-2652-4944-A063-9437C82AFAEC}.Ad-Hoc|iPhoneSimulator.Build.0 = Release|Any CPU
		{4B9598EA-2652-4944-A063-9437C82AFAEC}.Ad-Hoc|iPhoneSimulator.Deploy.0 = Release|Any CPU
		{4B9598EA-2652-4944-A063-9437C82AFAEC}.AppStore|Any CPU.ActiveCfg = Release|Any CPU
		{4B9598EA-2652-4944-A063-9437C82AFAEC}.AppStore|Any CPU.Build.0 = Release|Any CPU
		{4B9598EA-2652-4944-A063-9437C82AFAEC}.AppStore|Any CPU.Deploy.0 = Release|Any CPU
		{4B9598EA-2652-4944-A063-9437C82AFAEC}.AppStore|iPhone.ActiveCfg = Release|Any CPU
		{4B9598EA-2652-4944-A063-9437C82AFAEC}.AppStore|iPhone.Build.0 = Release|Any CPU
		{4B9598EA-2652-4944-A063-9437C82AFAEC}.AppStore|iPhone.Deploy.0 = Release|Any CPU
		{4B9598EA-2652-4944-A063-9437C82AFAEC}.AppStore|iPhoneSimulator.ActiveCfg = Release|Any CPU
		{4B9598EA-2652-4944-A063-9437C82AFAEC}.AppStore|iPhoneSimulator.Build.0 = Release|Any CPU
		{4B9598EA-2652-4944-A063-9437C82AFAEC}.AppStore|iPhoneSimulator.Deploy.0 = Release|Any CPU
		{4B9598EA-2652-4944-A063-9437C82AFAEC}.Debug|Any CPU.ActiveCfg = Debug|Any CPU
		{4B9598EA-2652-4944-A063-9437C82AFAEC}.Debug|Any CPU.Build.0 = Debug|Any CPU
		{4B9598EA-2652-4944-A063-9437C82AFAEC}.Debug|Any CPU.Deploy.0 = Debug|Any CPU
		{4B9598EA-2652-4944-A063-9437C82AFAEC}.Debug|iPhone.ActiveCfg = Debug|Any CPU
		{4B9598EA-2652-4944-A063-9437C82AFAEC}.Debug|iPhone.Build.0 = Debug|Any CPU
		{4B9598EA-2652-4944-A063-9437C82AFAEC}.Debug|iPhone.Deploy.0 = Debug|Any CPU
		{4B9598EA-2652-4944-A063-9437C82AFAEC}.Debug|iPhoneSimulator.ActiveCfg = Debug|Any CPU
		{4B9598EA-2652-4944-A063-9437C82AFAEC}.Debug|iPhoneSimulator.Build.0 = Debug|Any CPU
		{4B9598EA-2652-4944-A063-9437C82AFAEC}.Debug|iPhoneSimulator.Deploy.0 = Debug|Any CPU
		{4B9598EA-2652-4944-A063-9437C82AFAEC}.Release|Any CPU.ActiveCfg = Release|Any CPU
		{4B9598EA-2652-4944-A063-9437C82AFAEC}.Release|Any CPU.Build.0 = Release|Any CPU
		{4B9598EA-2652-4944-A063-9437C82AFAEC}.Release|Any CPU.Deploy.0 = Release|Any CPU
		{4B9598EA-2652-4944-A063-9437C82AFAEC}.Release|iPhone.ActiveCfg = Release|Any CPU
		{4B9598EA-2652-4944-A063-9437C82AFAEC}.Release|iPhone.Build.0 = Release|Any CPU
		{4B9598EA-2652-4944-A063-9437C82AFAEC}.Release|iPhone.Deploy.0 = Release|Any CPU
		{4B9598EA-2652-4944-A063-9437C82AFAEC}.Release|iPhoneSimulator.ActiveCfg = Release|Any CPU
		{4B9598EA-2652-4944-A063-9437C82AFAEC}.Release|iPhoneSimulator.Build.0 = Release|Any CPU
		{4B9598EA-2652-4944-A063-9437C82AFAEC}.Release|iPhoneSimulator.Deploy.0 = Release|Any CPU
		{9322898D-6BD8-48C1-80DE-2E2666DF0570}.Ad-Hoc|Any CPU.ActiveCfg = Ad-Hoc|iPhone
		{9322898D-6BD8-48C1-80DE-2E2666DF0570}.Ad-Hoc|Any CPU.Build.0 = Ad-Hoc|iPhone
		{9322898D-6BD8-48C1-80DE-2E2666DF0570}.Ad-Hoc|Any CPU.Deploy.0 = Ad-Hoc|iPhone
		{9322898D-6BD8-48C1-80DE-2E2666DF0570}.Ad-Hoc|iPhone.ActiveCfg = Ad-Hoc|iPhone
		{9322898D-6BD8-48C1-80DE-2E2666DF0570}.Ad-Hoc|iPhone.Build.0 = Ad-Hoc|iPhone
		{9322898D-6BD8-48C1-80DE-2E2666DF0570}.Ad-Hoc|iPhone.Deploy.0 = Ad-Hoc|iPhone
		{9322898D-6BD8-48C1-80DE-2E2666DF0570}.Ad-Hoc|iPhoneSimulator.ActiveCfg = Ad-Hoc|iPhoneSimulator
		{9322898D-6BD8-48C1-80DE-2E2666DF0570}.Ad-Hoc|iPhoneSimulator.Build.0 = Ad-Hoc|iPhoneSimulator
		{9322898D-6BD8-48C1-80DE-2E2666DF0570}.Ad-Hoc|iPhoneSimulator.Deploy.0 = Ad-Hoc|iPhoneSimulator
		{9322898D-6BD8-48C1-80DE-2E2666DF0570}.AppStore|Any CPU.ActiveCfg = AppStore|iPhone
		{9322898D-6BD8-48C1-80DE-2E2666DF0570}.AppStore|Any CPU.Build.0 = AppStore|iPhone
		{9322898D-6BD8-48C1-80DE-2E2666DF0570}.AppStore|Any CPU.Deploy.0 = AppStore|iPhone
		{9322898D-6BD8-48C1-80DE-2E2666DF0570}.AppStore|iPhone.ActiveCfg = AppStore|iPhone
		{9322898D-6BD8-48C1-80DE-2E2666DF0570}.AppStore|iPhone.Build.0 = AppStore|iPhone
		{9322898D-6BD8-48C1-80DE-2E2666DF0570}.AppStore|iPhone.Deploy.0 = AppStore|iPhone
		{9322898D-6BD8-48C1-80DE-2E2666DF0570}.AppStore|iPhoneSimulator.ActiveCfg = AppStore|iPhoneSimulator
		{9322898D-6BD8-48C1-80DE-2E2666DF0570}.AppStore|iPhoneSimulator.Build.0 = AppStore|iPhoneSimulator
		{9322898D-6BD8-48C1-80DE-2E2666DF0570}.AppStore|iPhoneSimulator.Deploy.0 = AppStore|iPhoneSimulator
		{9322898D-6BD8-48C1-80DE-2E2666DF0570}.Debug|Any CPU.ActiveCfg = Debug|iPhoneSimulator
		{9322898D-6BD8-48C1-80DE-2E2666DF0570}.Debug|Any CPU.Build.0 = Debug|iPhoneSimulator
		{9322898D-6BD8-48C1-80DE-2E2666DF0570}.Debug|Any CPU.Deploy.0 = Debug|iPhoneSimulator
		{9322898D-6BD8-48C1-80DE-2E2666DF0570}.Debug|iPhone.ActiveCfg = Debug|iPhone
		{9322898D-6BD8-48C1-80DE-2E2666DF0570}.Debug|iPhone.Build.0 = Debug|iPhone
		{9322898D-6BD8-48C1-80DE-2E2666DF0570}.Debug|iPhone.Deploy.0 = Debug|iPhone
		{9322898D-6BD8-48C1-80DE-2E2666DF0570}.Debug|iPhoneSimulator.ActiveCfg = Debug|iPhoneSimulator
		{9322898D-6BD8-48C1-80DE-2E2666DF0570}.Debug|iPhoneSimulator.Build.0 = Debug|iPhoneSimulator
		{9322898D-6BD8-48C1-80DE-2E2666DF0570}.Debug|iPhoneSimulator.Deploy.0 = Debug|iPhoneSimulator
		{9322898D-6BD8-48C1-80DE-2E2666DF0570}.Release|Any CPU.ActiveCfg = Release|iPhone
		{9322898D-6BD8-48C1-80DE-2E2666DF0570}.Release|Any CPU.Build.0 = Release|iPhone
		{9322898D-6BD8-48C1-80DE-2E2666DF0570}.Release|Any CPU.Deploy.0 = Release|iPhone
		{9322898D-6BD8-48C1-80DE-2E2666DF0570}.Release|iPhone.ActiveCfg = Release|iPhone
		{9322898D-6BD8-48C1-80DE-2E2666DF0570}.Release|iPhone.Build.0 = Release|iPhone
		{9322898D-6BD8-48C1-80DE-2E2666DF0570}.Release|iPhone.Deploy.0 = Release|iPhone
		{9322898D-6BD8-48C1-80DE-2E2666DF0570}.Release|iPhoneSimulator.ActiveCfg = Release|iPhoneSimulator
		{9322898D-6BD8-48C1-80DE-2E2666DF0570}.Release|iPhoneSimulator.Build.0 = Release|iPhoneSimulator
		{9322898D-6BD8-48C1-80DE-2E2666DF0570}.Release|iPhoneSimulator.Deploy.0 = Release|iPhoneSimulator
		{0D836EAF-F5C8-4F8B-9380-91A931E20B3A}.Ad-Hoc|Any CPU.ActiveCfg = Debug|Any CPU
		{0D836EAF-F5C8-4F8B-9380-91A931E20B3A}.Ad-Hoc|Any CPU.Build.0 = Debug|Any CPU
		{0D836EAF-F5C8-4F8B-9380-91A931E20B3A}.Ad-Hoc|Any CPU.Deploy.0 = Debug|Any CPU
		{0D836EAF-F5C8-4F8B-9380-91A931E20B3A}.Ad-Hoc|iPhone.ActiveCfg = Debug|Any CPU
		{0D836EAF-F5C8-4F8B-9380-91A931E20B3A}.Ad-Hoc|iPhone.Build.0 = Debug|Any CPU
		{0D836EAF-F5C8-4F8B-9380-91A931E20B3A}.Ad-Hoc|iPhone.Deploy.0 = Debug|Any CPU
		{0D836EAF-F5C8-4F8B-9380-91A931E20B3A}.Ad-Hoc|iPhoneSimulator.ActiveCfg = Debug|Any CPU
		{0D836EAF-F5C8-4F8B-9380-91A931E20B3A}.Ad-Hoc|iPhoneSimulator.Build.0 = Debug|Any CPU
		{0D836EAF-F5C8-4F8B-9380-91A931E20B3A}.Ad-Hoc|iPhoneSimulator.Deploy.0 = Debug|Any CPU
		{0D836EAF-F5C8-4F8B-9380-91A931E20B3A}.AppStore|Any CPU.ActiveCfg = Debug|Any CPU
		{0D836EAF-F5C8-4F8B-9380-91A931E20B3A}.AppStore|Any CPU.Build.0 = Debug|Any CPU
		{0D836EAF-F5C8-4F8B-9380-91A931E20B3A}.AppStore|Any CPU.Deploy.0 = Debug|Any CPU
		{0D836EAF-F5C8-4F8B-9380-91A931E20B3A}.AppStore|iPhone.ActiveCfg = Debug|Any CPU
		{0D836EAF-F5C8-4F8B-9380-91A931E20B3A}.AppStore|iPhone.Build.0 = Debug|Any CPU
		{0D836EAF-F5C8-4F8B-9380-91A931E20B3A}.AppStore|iPhone.Deploy.0 = Debug|Any CPU
		{0D836EAF-F5C8-4F8B-9380-91A931E20B3A}.AppStore|iPhoneSimulator.ActiveCfg = Debug|Any CPU
		{0D836EAF-F5C8-4F8B-9380-91A931E20B3A}.AppStore|iPhoneSimulator.Build.0 = Debug|Any CPU
		{0D836EAF-F5C8-4F8B-9380-91A931E20B3A}.AppStore|iPhoneSimulator.Deploy.0 = Debug|Any CPU
		{0D836EAF-F5C8-4F8B-9380-91A931E20B3A}.Debug|Any CPU.ActiveCfg = Debug|Any CPU
		{0D836EAF-F5C8-4F8B-9380-91A931E20B3A}.Debug|Any CPU.Build.0 = Debug|Any CPU
		{0D836EAF-F5C8-4F8B-9380-91A931E20B3A}.Debug|Any CPU.Deploy.0 = Debug|Any CPU
		{0D836EAF-F5C8-4F8B-9380-91A931E20B3A}.Debug|iPhone.ActiveCfg = Debug|Any CPU
		{0D836EAF-F5C8-4F8B-9380-91A931E20B3A}.Debug|iPhone.Build.0 = Debug|Any CPU
		{0D836EAF-F5C8-4F8B-9380-91A931E20B3A}.Debug|iPhone.Deploy.0 = Debug|Any CPU
		{0D836EAF-F5C8-4F8B-9380-91A931E20B3A}.Debug|iPhoneSimulator.ActiveCfg = Debug|Any CPU
		{0D836EAF-F5C8-4F8B-9380-91A931E20B3A}.Debug|iPhoneSimulator.Build.0 = Debug|Any CPU
		{0D836EAF-F5C8-4F8B-9380-91A931E20B3A}.Debug|iPhoneSimulator.Deploy.0 = Debug|Any CPU
		{0D836EAF-F5C8-4F8B-9380-91A931E20B3A}.Release|Any CPU.ActiveCfg = Release|Any CPU
		{0D836EAF-F5C8-4F8B-9380-91A931E20B3A}.Release|Any CPU.Build.0 = Release|Any CPU
		{0D836EAF-F5C8-4F8B-9380-91A931E20B3A}.Release|Any CPU.Deploy.0 = Release|Any CPU
		{0D836EAF-F5C8-4F8B-9380-91A931E20B3A}.Release|iPhone.ActiveCfg = Release|Any CPU
		{0D836EAF-F5C8-4F8B-9380-91A931E20B3A}.Release|iPhone.Build.0 = Release|Any CPU
		{0D836EAF-F5C8-4F8B-9380-91A931E20B3A}.Release|iPhone.Deploy.0 = Release|Any CPU
		{0D836EAF-F5C8-4F8B-9380-91A931E20B3A}.Release|iPhoneSimulator.ActiveCfg = Release|Any CPU
		{0D836EAF-F5C8-4F8B-9380-91A931E20B3A}.Release|iPhoneSimulator.Build.0 = Release|Any CPU
		{0D836EAF-F5C8-4F8B-9380-91A931E20B3A}.Release|iPhoneSimulator.Deploy.0 = Release|Any CPU
	EndGlobalSection
	GlobalSection(SolutionProperties) = preSolution
		HideSolutionNode = FALSE
	EndGlobalSection
	GlobalSection(ExtensibilityGlobals) = postSolution
		SolutionGuid = {A63544FA-5058-437F-8040-4D226C879F65}
	EndGlobalSection
EndGlobal
